
Microsoft Visual Studio Solution File, Format Version 12.00
# Visual Studio Version 16
VisualStudioVersion = 16.0.29709.97
MinimumVisualStudioVersion = 15.0.26124.0
Project("{2150E333-8FDC-42A3-9474-1A3956D46DE8}") = "Services", "Services", "{EBA68191-4137-4F63-A86C-8E363B9BD74E}"
EndProject
Project("{9A19103F-16F7-4668-BE54-9A1E7A4F7556}") = "Nmro.Oidc", "Services\Oidc\Nmro.Oidc.csproj", "{39FF0A23-7609-4EF0-8330-C1FEF4467057}"
EndProject
Project("{2150E333-8FDC-42A3-9474-1A3956D46DE8}") = "Web", "Web", "{6F5678C3-772E-4B82-848E-45016ABFFAF6}"
EndProject
Project("{9A19103F-16F7-4668-BE54-9A1E7A4F7556}") = "Nmro.Landing", "Web\Landing\Nmro.Landing.csproj", "{B703E86C-B7D1-4CB5-8BFF-03A1AF6C3B8F}"
EndProject
Project("{9A19103F-16F7-4668-BE54-9A1E7A4F7556}") = "Nmro.SignalRHub", "Services\SignalRHub\Nmro.SignalRHub.csproj", "{45637FBA-4582-4EDC-9E00-548F38F0EB40}"
EndProject
Project("{2150E333-8FDC-42A3-9474-1A3956D46DE8}") = "BuildingBlocks", "BuildingBlocks", "{2D6D94DE-765F-447F-A023-6E655698E57C}"
EndProject
Project("{9A19103F-16F7-4668-BE54-9A1E7A4F7556}") = "Web", "BuildingBlocks\Web\Web.csproj", "{03853991-E348-44C1-B3A5-F77807285A12}"
EndProject
Project("{2150E333-8FDC-42A3-9474-1A3956D46DE8}") = "Backbone", "Backbone", "{D958F658-31B4-491E-A3B7-FF9DEAF107EC}"
EndProject
Project("{9A19103F-16F7-4668-BE54-9A1E7A4F7556}") = "Nmro.ApiGateway", "Backbone\ApiGateway\Nmro.ApiGateway.csproj", "{EDFF083E-17ED-447D-AEEB-FEB89D7ABD23}"
EndProject
Project("{2150E333-8FDC-42A3-9474-1A3956D46DE8}") = "IAM", "IAM", "{672DB2AE-131A-4C4B-A5E8-CF0DE3643BDB}"
EndProject
Project("{9A19103F-16F7-4668-BE54-9A1E7A4F7556}") = "Nmro.IAM.API", "Services\IAM\API\Nmro.IAM.API.csproj", "{482B102D-ECDD-4A7E-9A11-61197B779810}"
EndProject
Project("{9A19103F-16F7-4668-BE54-9A1E7A4F7556}") = "Nmro.IAM.Application", "Services\IAM\Application\Nmro.IAM.Application.csproj", "{B1631B2A-40E0-49D2-B6FA-E4CCB0407F4A}"
EndProject
Project("{9A19103F-16F7-4668-BE54-9A1E7A4F7556}") = "Nmro.IAM.Domain", "Services\IAM\Domain\Nmro.IAM.Domain.csproj", "{DE912420-20C6-4327-B1C8-C42A588D31EF}"
EndProject
Project("{9A19103F-16F7-4668-BE54-9A1E7A4F7556}") = "Nmro.IAM.Persistence", "Services\IAM\Persistence\Nmro.IAM.Persistence.csproj", "{1F6292BA-A7E6-48F6-BEB3-A0F32196B975}"
EndProject
Global
	GlobalSection(SolutionConfigurationPlatforms) = preSolution
		Debug|Any CPU = Debug|Any CPU
		Debug|x64 = Debug|x64
		Debug|x86 = Debug|x86
		Release|Any CPU = Release|Any CPU
		Release|x64 = Release|x64
		Release|x86 = Release|x86
	EndGlobalSection
	GlobalSection(ProjectConfigurationPlatforms) = postSolution
		{39FF0A23-7609-4EF0-8330-C1FEF4467057}.Debug|Any CPU.ActiveCfg = Debug|Any CPU
		{39FF0A23-7609-4EF0-8330-C1FEF4467057}.Debug|Any CPU.Build.0 = Debug|Any CPU
		{39FF0A23-7609-4EF0-8330-C1FEF4467057}.Debug|x64.ActiveCfg = Debug|Any CPU
		{39FF0A23-7609-4EF0-8330-C1FEF4467057}.Debug|x64.Build.0 = Debug|Any CPU
		{39FF0A23-7609-4EF0-8330-C1FEF4467057}.Debug|x86.ActiveCfg = Debug|Any CPU
		{39FF0A23-7609-4EF0-8330-C1FEF4467057}.Debug|x86.Build.0 = Debug|Any CPU
		{39FF0A23-7609-4EF0-8330-C1FEF4467057}.Release|Any CPU.ActiveCfg = Release|Any CPU
		{39FF0A23-7609-4EF0-8330-C1FEF4467057}.Release|Any CPU.Build.0 = Release|Any CPU
		{39FF0A23-7609-4EF0-8330-C1FEF4467057}.Release|x64.ActiveCfg = Release|Any CPU
		{39FF0A23-7609-4EF0-8330-C1FEF4467057}.Release|x64.Build.0 = Release|Any CPU
		{39FF0A23-7609-4EF0-8330-C1FEF4467057}.Release|x86.ActiveCfg = Release|Any CPU
		{39FF0A23-7609-4EF0-8330-C1FEF4467057}.Release|x86.Build.0 = Release|Any CPU
		{B703E86C-B7D1-4CB5-8BFF-03A1AF6C3B8F}.Debug|Any CPU.ActiveCfg = Debug|Any CPU
		{B703E86C-B7D1-4CB5-8BFF-03A1AF6C3B8F}.Debug|Any CPU.Build.0 = Debug|Any CPU
		{B703E86C-B7D1-4CB5-8BFF-03A1AF6C3B8F}.Debug|x64.ActiveCfg = Debug|Any CPU
		{B703E86C-B7D1-4CB5-8BFF-03A1AF6C3B8F}.Debug|x64.Build.0 = Debug|Any CPU
		{B703E86C-B7D1-4CB5-8BFF-03A1AF6C3B8F}.Debug|x86.ActiveCfg = Debug|Any CPU
		{B703E86C-B7D1-4CB5-8BFF-03A1AF6C3B8F}.Debug|x86.Build.0 = Debug|Any CPU
		{B703E86C-B7D1-4CB5-8BFF-03A1AF6C3B8F}.Release|Any CPU.ActiveCfg = Release|Any CPU
		{B703E86C-B7D1-4CB5-8BFF-03A1AF6C3B8F}.Release|Any CPU.Build.0 = Release|Any CPU
		{B703E86C-B7D1-4CB5-8BFF-03A1AF6C3B8F}.Release|x64.ActiveCfg = Release|Any CPU
		{B703E86C-B7D1-4CB5-8BFF-03A1AF6C3B8F}.Release|x64.Build.0 = Release|Any CPU
		{B703E86C-B7D1-4CB5-8BFF-03A1AF6C3B8F}.Release|x86.ActiveCfg = Release|Any CPU
		{B703E86C-B7D1-4CB5-8BFF-03A1AF6C3B8F}.Release|x86.Build.0 = Release|Any CPU
		{45637FBA-4582-4EDC-9E00-548F38F0EB40}.Debug|Any CPU.ActiveCfg = Debug|Any CPU
		{45637FBA-4582-4EDC-9E00-548F38F0EB40}.Debug|Any CPU.Build.0 = Debug|Any CPU
		{45637FBA-4582-4EDC-9E00-548F38F0EB40}.Debug|x64.ActiveCfg = Debug|Any CPU
		{45637FBA-4582-4EDC-9E00-548F38F0EB40}.Debug|x64.Build.0 = Debug|Any CPU
		{45637FBA-4582-4EDC-9E00-548F38F0EB40}.Debug|x86.ActiveCfg = Debug|Any CPU
		{45637FBA-4582-4EDC-9E00-548F38F0EB40}.Debug|x86.Build.0 = Debug|Any CPU
		{45637FBA-4582-4EDC-9E00-548F38F0EB40}.Release|Any CPU.ActiveCfg = Release|Any CPU
		{45637FBA-4582-4EDC-9E00-548F38F0EB40}.Release|Any CPU.Build.0 = Release|Any CPU
		{45637FBA-4582-4EDC-9E00-548F38F0EB40}.Release|x64.ActiveCfg = Release|Any CPU
		{45637FBA-4582-4EDC-9E00-548F38F0EB40}.Release|x64.Build.0 = Release|Any CPU
		{45637FBA-4582-4EDC-9E00-548F38F0EB40}.Release|x86.ActiveCfg = Release|Any CPU
		{45637FBA-4582-4EDC-9E00-548F38F0EB40}.Release|x86.Build.0 = Release|Any CPU
		{03853991-E348-44C1-B3A5-F77807285A12}.Debug|Any CPU.ActiveCfg = Debug|Any CPU
		{03853991-E348-44C1-B3A5-F77807285A12}.Debug|Any CPU.Build.0 = Debug|Any CPU
		{03853991-E348-44C1-B3A5-F77807285A12}.Debug|x64.ActiveCfg = Debug|Any CPU
		{03853991-E348-44C1-B3A5-F77807285A12}.Debug|x64.Build.0 = Debug|Any CPU
		{03853991-E348-44C1-B3A5-F77807285A12}.Debug|x86.ActiveCfg = Debug|Any CPU
		{03853991-E348-44C1-B3A5-F77807285A12}.Debug|x86.Build.0 = Debug|Any CPU
		{03853991-E348-44C1-B3A5-F77807285A12}.Release|Any CPU.ActiveCfg = Release|Any CPU
		{03853991-E348-44C1-B3A5-F77807285A12}.Release|Any CPU.Build.0 = Release|Any CPU
		{03853991-E348-44C1-B3A5-F77807285A12}.Release|x64.ActiveCfg = Release|Any CPU
		{03853991-E348-44C1-B3A5-F77807285A12}.Release|x64.Build.0 = Release|Any CPU
		{03853991-E348-44C1-B3A5-F77807285A12}.Release|x86.ActiveCfg = Release|Any CPU
		{03853991-E348-44C1-B3A5-F77807285A12}.Release|x86.Build.0 = Release|Any CPU
		{EDFF083E-17ED-447D-AEEB-FEB89D7ABD23}.Debug|Any CPU.ActiveCfg = Debug|Any CPU
		{EDFF083E-17ED-447D-AEEB-FEB89D7ABD23}.Debug|Any CPU.Build.0 = Debug|Any CPU
		{EDFF083E-17ED-447D-AEEB-FEB89D7ABD23}.Debug|x64.ActiveCfg = Debug|Any CPU
		{EDFF083E-17ED-447D-AEEB-FEB89D7ABD23}.Debug|x64.Build.0 = Debug|Any CPU
		{EDFF083E-17ED-447D-AEEB-FEB89D7ABD23}.Debug|x86.ActiveCfg = Debug|Any CPU
		{EDFF083E-17ED-447D-AEEB-FEB89D7ABD23}.Debug|x86.Build.0 = Debug|Any CPU
		{EDFF083E-17ED-447D-AEEB-FEB89D7ABD23}.Release|Any CPU.ActiveCfg = Release|Any CPU
		{EDFF083E-17ED-447D-AEEB-FEB89D7ABD23}.Release|Any CPU.Build.0 = Release|Any CPU
		{EDFF083E-17ED-447D-AEEB-FEB89D7ABD23}.Release|x64.ActiveCfg = Release|Any CPU
		{EDFF083E-17ED-447D-AEEB-FEB89D7ABD23}.Release|x64.Build.0 = Release|Any CPU
		{EDFF083E-17ED-447D-AEEB-FEB89D7ABD23}.Release|x86.ActiveCfg = Release|Any CPU
		{EDFF083E-17ED-447D-AEEB-FEB89D7ABD23}.Release|x86.Build.0 = Release|Any CPU
		{482B102D-ECDD-4A7E-9A11-61197B779810}.Debug|Any CPU.ActiveCfg = Debug|Any CPU
		{482B102D-ECDD-4A7E-9A11-61197B779810}.Debug|Any CPU.Build.0 = Debug|Any CPU
		{482B102D-ECDD-4A7E-9A11-61197B779810}.Debug|x64.ActiveCfg = Debug|Any CPU
		{482B102D-ECDD-4A7E-9A11-61197B779810}.Debug|x64.Build.0 = Debug|Any CPU
		{482B102D-ECDD-4A7E-9A11-61197B779810}.Debug|x86.ActiveCfg = Debug|Any CPU
		{482B102D-ECDD-4A7E-9A11-61197B779810}.Debug|x86.Build.0 = Debug|Any CPU
		{482B102D-ECDD-4A7E-9A11-61197B779810}.Release|Any CPU.ActiveCfg = Release|Any CPU
		{482B102D-ECDD-4A7E-9A11-61197B779810}.Release|Any CPU.Build.0 = Release|Any CPU
		{482B102D-ECDD-4A7E-9A11-61197B779810}.Release|x64.ActiveCfg = Release|Any CPU
		{482B102D-ECDD-4A7E-9A11-61197B779810}.Release|x64.Build.0 = Release|Any CPU
		{482B102D-ECDD-4A7E-9A11-61197B779810}.Release|x86.ActiveCfg = Release|Any CPU
		{482B102D-ECDD-4A7E-9A11-61197B779810}.Release|x86.Build.0 = Release|Any CPU
		{B1631B2A-40E0-49D2-B6FA-E4CCB0407F4A}.Debug|Any CPU.ActiveCfg = Debug|Any CPU
		{B1631B2A-40E0-49D2-B6FA-E4CCB0407F4A}.Debug|Any CPU.Build.0 = Debug|Any CPU
		{B1631B2A-40E0-49D2-B6FA-E4CCB0407F4A}.Debug|x64.ActiveCfg = Debug|Any CPU
		{B1631B2A-40E0-49D2-B6FA-E4CCB0407F4A}.Debug|x64.Build.0 = Debug|Any CPU
		{B1631B2A-40E0-49D2-B6FA-E4CCB0407F4A}.Debug|x86.ActiveCfg = Debug|Any CPU
		{B1631B2A-40E0-49D2-B6FA-E4CCB0407F4A}.Debug|x86.Build.0 = Debug|Any CPU
		{B1631B2A-40E0-49D2-B6FA-E4CCB0407F4A}.Release|Any CPU.ActiveCfg = Release|Any CPU
		{B1631B2A-40E0-49D2-B6FA-E4CCB0407F4A}.Release|Any CPU.Build.0 = Release|Any CPU
		{B1631B2A-40E0-49D2-B6FA-E4CCB0407F4A}.Release|x64.ActiveCfg = Release|Any CPU
		{B1631B2A-40E0-49D2-B6FA-E4CCB0407F4A}.Release|x64.Build.0 = Release|Any CPU
		{B1631B2A-40E0-49D2-B6FA-E4CCB0407F4A}.Release|x86.ActiveCfg = Release|Any CPU
		{B1631B2A-40E0-49D2-B6FA-E4CCB0407F4A}.Release|x86.Build.0 = Release|Any CPU
		{DE912420-20C6-4327-B1C8-C42A588D31EF}.Debug|Any CPU.ActiveCfg = Debug|Any CPU
		{DE912420-20C6-4327-B1C8-C42A588D31EF}.Debug|Any CPU.Build.0 = Debug|Any CPU
		{DE912420-20C6-4327-B1C8-C42A588D31EF}.Debug|x64.ActiveCfg = Debug|Any CPU
		{DE912420-20C6-4327-B1C8-C42A588D31EF}.Debug|x64.Build.0 = Debug|Any CPU
		{DE912420-20C6-4327-B1C8-C42A588D31EF}.Debug|x86.ActiveCfg = Debug|Any CPU
		{DE912420-20C6-4327-B1C8-C42A588D31EF}.Debug|x86.Build.0 = Debug|Any CPU
		{DE912420-20C6-4327-B1C8-C42A588D31EF}.Release|Any CPU.ActiveCfg = Release|Any CPU
		{DE912420-20C6-4327-B1C8-C42A588D31EF}.Release|Any CPU.Build.0 = Release|Any CPU
		{DE912420-20C6-4327-B1C8-C42A588D31EF}.Release|x64.ActiveCfg = Release|Any CPU
		{DE912420-20C6-4327-B1C8-C42A588D31EF}.Release|x64.Build.0 = Release|Any CPU
		{DE912420-20C6-4327-B1C8-C42A588D31EF}.Release|x86.ActiveCfg = Release|Any CPU
		{DE912420-20C6-4327-B1C8-C42A588D31EF}.Release|x86.Build.0 = Release|Any CPU
		{1F6292BA-A7E6-48F6-BEB3-A0F32196B975}.Debug|Any CPU.ActiveCfg = Debug|Any CPU
		{1F6292BA-A7E6-48F6-BEB3-A0F32196B975}.Debug|Any CPU.Build.0 = Debug|Any CPU
		{1F6292BA-A7E6-48F6-BEB3-A0F32196B975}.Debug|x64.ActiveCfg = Debug|Any CPU
		{1F6292BA-A7E6-48F6-BEB3-A0F32196B975}.Debug|x64.Build.0 = Debug|Any CPU
		{1F6292BA-A7E6-48F6-BEB3-A0F32196B975}.Debug|x86.ActiveCfg = Debug|Any CPU
		{1F6292BA-A7E6-48F6-BEB3-A0F32196B975}.Debug|x86.Build.0 = Debug|Any CPU
		{1F6292BA-A7E6-48F6-BEB3-A0F32196B975}.Release|Any CPU.ActiveCfg = Release|Any CPU
		{1F6292BA-A7E6-48F6-BEB3-A0F32196B975}.Release|Any CPU.Build.0 = Release|Any CPU
		{1F6292BA-A7E6-48F6-BEB3-A0F32196B975}.Release|x64.ActiveCfg = Release|Any CPU
		{1F6292BA-A7E6-48F6-BEB3-A0F32196B975}.Release|x64.Build.0 = Release|Any CPU
		{1F6292BA-A7E6-48F6-BEB3-A0F32196B975}.Release|x86.ActiveCfg = Release|Any CPU
		{1F6292BA-A7E6-48F6-BEB3-A0F32196B975}.Release|x86.Build.0 = Release|Any CPU
	EndGlobalSection
	GlobalSection(SolutionProperties) = preSolution
		HideSolutionNode = FALSE
	EndGlobalSection
	GlobalSection(NestedProjects) = preSolution
		{39FF0A23-7609-4EF0-8330-C1FEF4467057} = {EBA68191-4137-4F63-A86C-8E363B9BD74E}
		{B703E86C-B7D1-4CB5-8BFF-03A1AF6C3B8F} = {6F5678C3-772E-4B82-848E-45016ABFFAF6}
		{45637FBA-4582-4EDC-9E00-548F38F0EB40} = {EBA68191-4137-4F63-A86C-8E363B9BD74E}
		{03853991-E348-44C1-B3A5-F77807285A12} = {2D6D94DE-765F-447F-A023-6E655698E57C}
		{EDFF083E-17ED-447D-AEEB-FEB89D7ABD23} = {D958F658-31B4-491E-A3B7-FF9DEAF107EC}
		{672DB2AE-131A-4C4B-A5E8-CF0DE3643BDB} = {EBA68191-4137-4F63-A86C-8E363B9BD74E}
		{482B102D-ECDD-4A7E-9A11-61197B779810} = {672DB2AE-131A-4C4B-A5E8-CF0DE3643BDB}
		{B1631B2A-40E0-49D2-B6FA-E4CCB0407F4A} = {672DB2AE-131A-4C4B-A5E8-CF0DE3643BDB}
		{DE912420-20C6-4327-B1C8-C42A588D31EF} = {672DB2AE-131A-4C4B-A5E8-CF0DE3643BDB}
		{1F6292BA-A7E6-48F6-BEB3-A0F32196B975} = {672DB2AE-131A-4C4B-A5E8-CF0DE3643BDB}
	EndGlobalSection
	GlobalSection(ExtensibilityGlobals) = postSolution
		SolutionGuid = {72E63FED-A619-460A-A78A-2EEC95176D2A}
	EndGlobalSection
EndGlobal
