
Microsoft Visual Studio Solution File, Format Version 12.00
# Visual Studio 15
VisualStudioVersion = 15.0.26124.0
MinimumVisualStudioVersion = 15.0.26124.0
Project("{FAE04EC0-301F-11D3-BF4B-00C04F79EFBC}") = "Nmro.IAM.Domain", "Domain\Nmro.IAM.Domain.csproj", "{C138B7D7-613F-4A5F-B21F-AF27253B2D92}"
EndProject
Project("{FAE04EC0-301F-11D3-BF4B-00C04F79EFBC}") = "Nmro.IAM.Core", "Core\Nmro.IAM.Application.csproj", "{46BBF8B2-E457-4877-94F8-8EBAADE41CFE}"
EndProject
Project("{FAE04EC0-301F-11D3-BF4B-00C04F79EFBC}") = "Nmro.IAM.Persistence", "Persistence\Nmro.IAM.Persistence.csproj", "{3DF53E23-DA50-4C5E-8B2F-6EA73A9DD41F}"
EndProject
Project("{FAE04EC0-301F-11D3-BF4B-00C04F79EFBC}") = "Nmro.IAM.API", "API\Nmro.IAM.API.csproj", "{D9407D2A-05E9-48CC-9CA0-7BD4A6D735E7}"
EndProject
Global
	GlobalSection(SolutionConfigurationPlatforms) = preSolution
		Debug|Any CPU = Debug|Any CPU
		Debug|x64 = Debug|x64
		Debug|x86 = Debug|x86
		Release|Any CPU = Release|Any CPU
		Release|x64 = Release|x64
		Release|x86 = Release|x86
	EndGlobalSection
	GlobalSection(SolutionProperties) = preSolution
		HideSolutionNode = FALSE
	EndGlobalSection
	GlobalSection(ProjectConfigurationPlatforms) = postSolution
		{C138B7D7-613F-4A5F-B21F-AF27253B2D92}.Debug|Any CPU.ActiveCfg = Debug|Any CPU
		{C138B7D7-613F-4A5F-B21F-AF27253B2D92}.Debug|Any CPU.Build.0 = Debug|Any CPU
		{C138B7D7-613F-4A5F-B21F-AF27253B2D92}.Debug|x64.ActiveCfg = Debug|Any CPU
		{C138B7D7-613F-4A5F-B21F-AF27253B2D92}.Debug|x64.Build.0 = Debug|Any CPU
		{C138B7D7-613F-4A5F-B21F-AF27253B2D92}.Debug|x86.ActiveCfg = Debug|Any CPU
		{C138B7D7-613F-4A5F-B21F-AF27253B2D92}.Debug|x86.Build.0 = Debug|Any CPU
		{C138B7D7-613F-4A5F-B21F-AF27253B2D92}.Release|Any CPU.ActiveCfg = Release|Any CPU
		{C138B7D7-613F-4A5F-B21F-AF27253B2D92}.Release|Any CPU.Build.0 = Release|Any CPU
		{C138B7D7-613F-4A5F-B21F-AF27253B2D92}.Release|x64.ActiveCfg = Release|Any CPU
		{C138B7D7-613F-4A5F-B21F-AF27253B2D92}.Release|x64.Build.0 = Release|Any CPU
		{C138B7D7-613F-4A5F-B21F-AF27253B2D92}.Release|x86.ActiveCfg = Release|Any CPU
		{C138B7D7-613F-4A5F-B21F-AF27253B2D92}.Release|x86.Build.0 = Release|Any CPU
		{46BBF8B2-E457-4877-94F8-8EBAADE41CFE}.Debug|Any CPU.ActiveCfg = Debug|Any CPU
		{46BBF8B2-E457-4877-94F8-8EBAADE41CFE}.Debug|Any CPU.Build.0 = Debug|Any CPU
		{46BBF8B2-E457-4877-94F8-8EBAADE41CFE}.Debug|x64.ActiveCfg = Debug|Any CPU
		{46BBF8B2-E457-4877-94F8-8EBAADE41CFE}.Debug|x64.Build.0 = Debug|Any CPU
		{46BBF8B2-E457-4877-94F8-8EBAADE41CFE}.Debug|x86.ActiveCfg = Debug|Any CPU
		{46BBF8B2-E457-4877-94F8-8EBAADE41CFE}.Debug|x86.Build.0 = Debug|Any CPU
		{46BBF8B2-E457-4877-94F8-8EBAADE41CFE}.Release|Any CPU.ActiveCfg = Release|Any CPU
		{46BBF8B2-E457-4877-94F8-8EBAADE41CFE}.Release|Any CPU.Build.0 = Release|Any CPU
		{46BBF8B2-E457-4877-94F8-8EBAADE41CFE}.Release|x64.ActiveCfg = Release|Any CPU
		{46BBF8B2-E457-4877-94F8-8EBAADE41CFE}.Release|x64.Build.0 = Release|Any CPU
		{46BBF8B2-E457-4877-94F8-8EBAADE41CFE}.Release|x86.ActiveCfg = Release|Any CPU
		{46BBF8B2-E457-4877-94F8-8EBAADE41CFE}.Release|x86.Build.0 = Release|Any CPU
		{3DF53E23-DA50-4C5E-8B2F-6EA73A9DD41F}.Debug|Any CPU.ActiveCfg = Debug|Any CPU
		{3DF53E23-DA50-4C5E-8B2F-6EA73A9DD41F}.Debug|Any CPU.Build.0 = Debug|Any CPU
		{3DF53E23-DA50-4C5E-8B2F-6EA73A9DD41F}.Debug|x64.ActiveCfg = Debug|Any CPU
		{3DF53E23-DA50-4C5E-8B2F-6EA73A9DD41F}.Debug|x64.Build.0 = Debug|Any CPU
		{3DF53E23-DA50-4C5E-8B2F-6EA73A9DD41F}.Debug|x86.ActiveCfg = Debug|Any CPU
		{3DF53E23-DA50-4C5E-8B2F-6EA73A9DD41F}.Debug|x86.Build.0 = Debug|Any CPU
		{3DF53E23-DA50-4C5E-8B2F-6EA73A9DD41F}.Release|Any CPU.ActiveCfg = Release|Any CPU
		{3DF53E23-DA50-4C5E-8B2F-6EA73A9DD41F}.Release|Any CPU.Build.0 = Release|Any CPU
		{3DF53E23-DA50-4C5E-8B2F-6EA73A9DD41F}.Release|x64.ActiveCfg = Release|Any CPU
		{3DF53E23-DA50-4C5E-8B2F-6EA73A9DD41F}.Release|x64.Build.0 = Release|Any CPU
		{3DF53E23-DA50-4C5E-8B2F-6EA73A9DD41F}.Release|x86.ActiveCfg = Release|Any CPU
		{3DF53E23-DA50-4C5E-8B2F-6EA73A9DD41F}.Release|x86.Build.0 = Release|Any CPU
		{D9407D2A-05E9-48CC-9CA0-7BD4A6D735E7}.Debug|Any CPU.ActiveCfg = Debug|Any CPU
		{D9407D2A-05E9-48CC-9CA0-7BD4A6D735E7}.Debug|Any CPU.Build.0 = Debug|Any CPU
		{D9407D2A-05E9-48CC-9CA0-7BD4A6D735E7}.Debug|x64.ActiveCfg = Debug|Any CPU
		{D9407D2A-05E9-48CC-9CA0-7BD4A6D735E7}.Debug|x64.Build.0 = Debug|Any CPU
		{D9407D2A-05E9-48CC-9CA0-7BD4A6D735E7}.Debug|x86.ActiveCfg = Debug|Any CPU
		{D9407D2A-05E9-48CC-9CA0-7BD4A6D735E7}.Debug|x86.Build.0 = Debug|Any CPU
		{D9407D2A-05E9-48CC-9CA0-7BD4A6D735E7}.Release|Any CPU.ActiveCfg = Release|Any CPU
		{D9407D2A-05E9-48CC-9CA0-7BD4A6D735E7}.Release|Any CPU.Build.0 = Release|Any CPU
		{D9407D2A-05E9-48CC-9CA0-7BD4A6D735E7}.Release|x64.ActiveCfg = Release|Any CPU
		{D9407D2A-05E9-48CC-9CA0-7BD4A6D735E7}.Release|x64.Build.0 = Release|Any CPU
		{D9407D2A-05E9-48CC-9CA0-7BD4A6D735E7}.Release|x86.ActiveCfg = Release|Any CPU
		{D9407D2A-05E9-48CC-9CA0-7BD4A6D735E7}.Release|x86.Build.0 = Release|Any CPU
	EndGlobalSection
EndGlobal
