
Microsoft Visual Studio Solution File, Format Version 12.00
# Visual Studio 15
VisualStudioVersion = 15.0.26124.0
MinimumVisualStudioVersion = 15.0.26124.0
Project("{2150E333-8FDC-42A3-9474-1A3956D46DE8}") = "src", "src", "{03772164-2436-4245-9BDA-73CA0AA263E2}"
EndProject
Project("{2150E333-8FDC-42A3-9474-1A3956D46DE8}") = "Services", "Services", "{DE14D5AE-2556-4222-814E-B031FD55A149}"
EndProject
Project("{FAE04EC0-301F-11D3-BF4B-00C04F79EFBC}") = "Nmro.Oidc", "Services\Oidc\Nmro.Oidc.csproj", "{A06CB183-6A4E-47BE-8B3B-5F5E89358EBC}"
EndProject
Project("{FAE04EC0-301F-11D3-BF4B-00C04F79EFBC}") = "Nmro.Website", "Website\Nmro.Website.csproj", "{0D08D81B-B495-4859-BA1B-A1EECFB12741}"
EndProject
Project("{2150E333-8FDC-42A3-9474-1A3956D46DE8}") = "Gateways", "Gateways", "{6B642FEC-8322-4B87-9F8B-CD875872E088}"
EndProject
Project("{FAE04EC0-301F-11D3-BF4B-00C04F79EFBC}") = "Nmro.ApiGateway", "Gateways\ApiGateway\Nmro.ApiGateway.csproj", "{9C0AFF50-AE5F-4DD2-ACCA-4BC9E5016071}"
EndProject
Project("{FAE04EC0-301F-11D3-BF4B-00C04F79EFBC}") = "Nmro.IAM", "Services\IAM\Nmro.IAM.csproj", "{D4F2D845-83BE-4A87-8056-1A28566F9E7C}"
EndProject
Global
	GlobalSection(SolutionConfigurationPlatforms) = preSolution
		Debug|Any CPU = Debug|Any CPU
		Debug|x64 = Debug|x64
		Debug|x86 = Debug|x86
		Release|Any CPU = Release|Any CPU
		Release|x64 = Release|x64
		Release|x86 = Release|x86
	EndGlobalSection
	GlobalSection(SolutionProperties) = preSolution
		HideSolutionNode = FALSE
	EndGlobalSection
	GlobalSection(ProjectConfigurationPlatforms) = postSolution
		{A06CB183-6A4E-47BE-8B3B-5F5E89358EBC}.Debug|Any CPU.ActiveCfg = Debug|Any CPU
		{A06CB183-6A4E-47BE-8B3B-5F5E89358EBC}.Debug|Any CPU.Build.0 = Debug|Any CPU
		{A06CB183-6A4E-47BE-8B3B-5F5E89358EBC}.Debug|x64.ActiveCfg = Debug|Any CPU
		{A06CB183-6A4E-47BE-8B3B-5F5E89358EBC}.Debug|x64.Build.0 = Debug|Any CPU
		{A06CB183-6A4E-47BE-8B3B-5F5E89358EBC}.Debug|x86.ActiveCfg = Debug|Any CPU
		{A06CB183-6A4E-47BE-8B3B-5F5E89358EBC}.Debug|x86.Build.0 = Debug|Any CPU
		{A06CB183-6A4E-47BE-8B3B-5F5E89358EBC}.Release|Any CPU.ActiveCfg = Release|Any CPU
		{A06CB183-6A4E-47BE-8B3B-5F5E89358EBC}.Release|Any CPU.Build.0 = Release|Any CPU
		{A06CB183-6A4E-47BE-8B3B-5F5E89358EBC}.Release|x64.ActiveCfg = Release|Any CPU
		{A06CB183-6A4E-47BE-8B3B-5F5E89358EBC}.Release|x64.Build.0 = Release|Any CPU
		{A06CB183-6A4E-47BE-8B3B-5F5E89358EBC}.Release|x86.ActiveCfg = Release|Any CPU
		{A06CB183-6A4E-47BE-8B3B-5F5E89358EBC}.Release|x86.Build.0 = Release|Any CPU
		{0D08D81B-B495-4859-BA1B-A1EECFB12741}.Debug|Any CPU.ActiveCfg = Debug|Any CPU
		{0D08D81B-B495-4859-BA1B-A1EECFB12741}.Debug|Any CPU.Build.0 = Debug|Any CPU
		{0D08D81B-B495-4859-BA1B-A1EECFB12741}.Debug|x64.ActiveCfg = Debug|Any CPU
		{0D08D81B-B495-4859-BA1B-A1EECFB12741}.Debug|x64.Build.0 = Debug|Any CPU
		{0D08D81B-B495-4859-BA1B-A1EECFB12741}.Debug|x86.ActiveCfg = Debug|Any CPU
		{0D08D81B-B495-4859-BA1B-A1EECFB12741}.Debug|x86.Build.0 = Debug|Any CPU
		{0D08D81B-B495-4859-BA1B-A1EECFB12741}.Release|Any CPU.ActiveCfg = Release|Any CPU
		{0D08D81B-B495-4859-BA1B-A1EECFB12741}.Release|Any CPU.Build.0 = Release|Any CPU
		{0D08D81B-B495-4859-BA1B-A1EECFB12741}.Release|x64.ActiveCfg = Release|Any CPU
		{0D08D81B-B495-4859-BA1B-A1EECFB12741}.Release|x64.Build.0 = Release|Any CPU
		{0D08D81B-B495-4859-BA1B-A1EECFB12741}.Release|x86.ActiveCfg = Release|Any CPU
		{0D08D81B-B495-4859-BA1B-A1EECFB12741}.Release|x86.Build.0 = Release|Any CPU
		{9C0AFF50-AE5F-4DD2-ACCA-4BC9E5016071}.Debug|Any CPU.ActiveCfg = Debug|Any CPU
		{9C0AFF50-AE5F-4DD2-ACCA-4BC9E5016071}.Debug|Any CPU.Build.0 = Debug|Any CPU
		{9C0AFF50-AE5F-4DD2-ACCA-4BC9E5016071}.Debug|x64.ActiveCfg = Debug|Any CPU
		{9C0AFF50-AE5F-4DD2-ACCA-4BC9E5016071}.Debug|x64.Build.0 = Debug|Any CPU
		{9C0AFF50-AE5F-4DD2-ACCA-4BC9E5016071}.Debug|x86.ActiveCfg = Debug|Any CPU
		{9C0AFF50-AE5F-4DD2-ACCA-4BC9E5016071}.Debug|x86.Build.0 = Debug|Any CPU
		{9C0AFF50-AE5F-4DD2-ACCA-4BC9E5016071}.Release|Any CPU.ActiveCfg = Release|Any CPU
		{9C0AFF50-AE5F-4DD2-ACCA-4BC9E5016071}.Release|Any CPU.Build.0 = Release|Any CPU
		{9C0AFF50-AE5F-4DD2-ACCA-4BC9E5016071}.Release|x64.ActiveCfg = Release|Any CPU
		{9C0AFF50-AE5F-4DD2-ACCA-4BC9E5016071}.Release|x64.Build.0 = Release|Any CPU
		{9C0AFF50-AE5F-4DD2-ACCA-4BC9E5016071}.Release|x86.ActiveCfg = Release|Any CPU
		{9C0AFF50-AE5F-4DD2-ACCA-4BC9E5016071}.Release|x86.Build.0 = Release|Any CPU
		{D4F2D845-83BE-4A87-8056-1A28566F9E7C}.Debug|Any CPU.ActiveCfg = Debug|Any CPU
		{D4F2D845-83BE-4A87-8056-1A28566F9E7C}.Debug|Any CPU.Build.0 = Debug|Any CPU
		{D4F2D845-83BE-4A87-8056-1A28566F9E7C}.Debug|x64.ActiveCfg = Debug|Any CPU
		{D4F2D845-83BE-4A87-8056-1A28566F9E7C}.Debug|x64.Build.0 = Debug|Any CPU
		{D4F2D845-83BE-4A87-8056-1A28566F9E7C}.Debug|x86.ActiveCfg = Debug|Any CPU
		{D4F2D845-83BE-4A87-8056-1A28566F9E7C}.Debug|x86.Build.0 = Debug|Any CPU
		{D4F2D845-83BE-4A87-8056-1A28566F9E7C}.Release|Any CPU.ActiveCfg = Release|Any CPU
		{D4F2D845-83BE-4A87-8056-1A28566F9E7C}.Release|Any CPU.Build.0 = Release|Any CPU
		{D4F2D845-83BE-4A87-8056-1A28566F9E7C}.Release|x64.ActiveCfg = Release|Any CPU
		{D4F2D845-83BE-4A87-8056-1A28566F9E7C}.Release|x64.Build.0 = Release|Any CPU
		{D4F2D845-83BE-4A87-8056-1A28566F9E7C}.Release|x86.ActiveCfg = Release|Any CPU
		{D4F2D845-83BE-4A87-8056-1A28566F9E7C}.Release|x86.Build.0 = Release|Any CPU
	EndGlobalSection
	GlobalSection(NestedProjects) = preSolution
		{DE14D5AE-2556-4222-814E-B031FD55A149} = {03772164-2436-4245-9BDA-73CA0AA263E2}
		{A06CB183-6A4E-47BE-8B3B-5F5E89358EBC} = {DE14D5AE-2556-4222-814E-B031FD55A149}
		{0D08D81B-B495-4859-BA1B-A1EECFB12741} = {03772164-2436-4245-9BDA-73CA0AA263E2}
		{9C0AFF50-AE5F-4DD2-ACCA-4BC9E5016071} = {6B642FEC-8322-4B87-9F8B-CD875872E088}
		{D4F2D845-83BE-4A87-8056-1A28566F9E7C} = {DE14D5AE-2556-4222-814E-B031FD55A149}
	EndGlobalSection
EndGlobal
